PODS:
  - FCAlertView (1.4.0)
  - FDStackView (1.0)
  - FXBlurView (1.6.4)
  - GPUImage (0.1.7)
  - MBProgressHUD (1.0.0)
  - SDWebImage (3.8.2):
    - SDWebImage/Core (= 3.8.2)
  - SDWebImage/Core (3.8.2)
  - UMengUShare/Core (6.2.2):
    - UMengUShare/Network
  - UMengUShare/Network (6.2.2)
  - UMengUShare/Social/Instagram (6.2.2):
    - UMengUShare/Core
  - UMengUShare/Social/QQ (6.2.2):
    - UMengUShare/Core
  - UMengUShare/Social/Sina (6.2.2):
    - UMengUShare/Core
  - UMengUShare/Social/Twitter (6.2.2):
    - UMengUShare/Core
  - UMengUShare/Social/WeChat (6.2.2):
    - UMengUShare/Core
  - UMengUShare/UI (6.2.2):
    - UMengUShare/Core

DEPENDENCIES:
  - FCAlertView (~> 1.4.0)
  - FDStackView (= 1.0)
  - FXBlurView (~> 1.6.4)
  - GPUImage (~> 0.1.7)
  - MBProgressHUD
  - SDWebImage (~> 3.8.1)
  - UMengUShare/Social/Instagram
  - UMengUShare/Social/QQ
  - UMengUShare/Social/Sina
  - UMengUShare/Social/Twitter
  - UMengUShare/Social/WeChat
  - UMengUShare/UI

SPEC CHECKSUMS:
  FCAlertView: fdddd63381898c1d1a5a20c9f084fbd2c6d12f8b
  FDStackView: 3a4bbe0ce9c35e974246a585168b9da8c32213f1
  FXBlurView: db786c2561cb49a09ae98407f52460096ab8a44f
  GPUImage: 733a5f0fab92df9de1c37ba9df520a833ccb406d
  MBProgressHUD: 4890f671c94e8a0f3cf959aa731e9de2f036d71a
  SDWebImage: 098e97e6176540799c27e804c96653ee0833d13c
  UMengUShare: fc0a98b8d5297632e82874318fd72a10d17da228

PODFILE CHECKSUM: 3271e7438b4bdacda2b4ba04894504a02a84fe5e

COCOAPODS: 1.4.0.beta.1
