// !$*UTF8*$!
{
	archiveVersion = 1;
	classes = {
	};
	objectVersion = 46;
	objects = {

/* Begin PBXBuildFile section */
		BEF060D7ACDCB1B844B81CE2 /* LWPhotoCollectionView.m in Sources */ = {isa = PBXBuildFile; fileRef = BEF069A6E65A0CA56DFE1CF5 /* LWPhotoCollectionView.m */; };
		BEF061A06B16E3FF98F60928 /* LWImageCropView.m in Sources */ = {isa = PBXBuildFile; fileRef = BEF060C1F89C5EFEE240BD8C /* LWImageCropView.m */; };
		BEF0669C241E75514FBCFEB0 /* LWFilterCollectionView.m in Sources */ = {isa = PBXBuildFile; fileRef = BEF061409EB4310BAC440CE9 /* LWFilterCollectionView.m */; };
		BEF068B151E77927FAC256F3 /* LWDrawView.m in Sources */ = {isa = PBXBuildFile; fileRef = BEF067546351067E593CAF2A /* LWDrawView.m */; };
		BEF069FB0617CA4B5E9BA8B6 /* LWImageZoomView.m in Sources */ = {isa = PBXBuildFile; fileRef = BEF06FF649F758528E3BB784 /* LWImageZoomView.m */; };
		CCD59F3ADD3AFC82051038E6 /* libPods-PhotoDIY.a in Frameworks */ = {isa = PBXBuildFile; fileRef = FFC87A4A05A2799BD5A7991E /* libPods-PhotoDIY.a */; };
		EA1C04451D4904A900290495 /* LWFilterImageView.m in Sources */ = {isa = PBXBuildFile; fileRef = EA1C04441D4904A900290495 /* LWFilterImageView.m */; };
		EA1C04721D4B218100290495 /* Lambeau.jpg in Resources */ = {isa = PBXBuildFile; fileRef = EA1C04711D4B218100290495 /* Lambeau.jpg */; };
		EA6F611B1D2B566900827523 /* InfoPlist.strings in Resources */ = {isa = PBXBuildFile; fileRef = EA6F611D1D2B566900827523 /* InfoPlist.strings */; };
		EA6F611F1D2B567100827523 /* Localizable.strings in Resources */ = {isa = PBXBuildFile; fileRef = EA6F61211D2B567100827523 /* Localizable.strings */; };
		EA6F61251D2B5A4500827523 /* LWDataManager.m in Sources */ = {isa = PBXBuildFile; fileRef = EA6F61241D2B5A4500827523 /* LWDataManager.m */; };
		EA6F612E1D2B937600827523 /* PDPhotoLibPicker.m in Sources */ = {isa = PBXBuildFile; fileRef = EA6F612D1D2B937600827523 /* PDPhotoLibPicker.m */; };
		EAB292C21D2A16C4004D5EED /* main.m in Sources */ = {isa = PBXBuildFile; fileRef = EAB292C11D2A16C4004D5EED /* main.m */; };
		EAB292C51D2A16C4004D5EED /* AppDelegate.m in Sources */ = {isa = PBXBuildFile; fileRef = EAB292C41D2A16C4004D5EED /* AppDelegate.m */; };
		EAB292C81D2A16C4004D5EED /* ViewController.m in Sources */ = {isa = PBXBuildFile; fileRef = EAB292C71D2A16C4004D5EED /* ViewController.m */; };
		EAB292CB1D2A16C4004D5EED /* Main.storyboard in Resources */ = {isa = PBXBuildFile; fileRef = EAB292C91D2A16C4004D5EED /* Main.storyboard */; };
		EAB292CD1D2A16C4004D5EED /* Assets.xcassets in Resources */ = {isa = PBXBuildFile; fileRef = EAB292CC1D2A16C4004D5EED /* Assets.xcassets */; };
		EAB292D01D2A16C4004D5EED /* LaunchScreen.storyboard in Resources */ = {isa = PBXBuildFile; fileRef = EAB292CE1D2A16C4004D5EED /* LaunchScreen.storyboard */; };
		EAB292E51D2A665A004D5EED /* CoreMedia.framework in Frameworks */ = {isa = PBXBuildFile; fileRef = EAB292E41D2A665A004D5EED /* CoreMedia.framework */; };
		EAB292E71D2A6665004D5EED /* CoreVideo.framework in Frameworks */ = {isa = PBXBuildFile; fileRef = EAB292E61D2A6665004D5EED /* CoreVideo.framework */; };
		EAB292E91D2A6670004D5EED /* OpenGLES.framework in Frameworks */ = {isa = PBXBuildFile; fileRef = EAB292E81D2A6670004D5EED /* OpenGLES.framework */; };
		EAB292EB1D2A667B004D5EED /* QuartzCore.framework in Frameworks */ = {isa = PBXBuildFile; fileRef = EAB292EA1D2A667B004D5EED /* QuartzCore.framework */; };
		EAB292ED1D2A668B004D5EED /* CoreGraphics.framework in Frameworks */ = {isa = PBXBuildFile; fileRef = EAB292EC1D2A668B004D5EED /* CoreGraphics.framework */; };
		EAB292EF1D2A6697004D5EED /* AssetsLibrary.framework in Frameworks */ = {isa = PBXBuildFile; fileRef = EAB292EE1D2A6697004D5EED /* AssetsLibrary.framework */; };
		EAB292F11D2A66A4004D5EED /* AVFoundation.framework in Frameworks */ = {isa = PBXBuildFile; fileRef = EAB292F01D2A66A4004D5EED /* AVFoundation.framework */; };
		EAB292F91D2A701F004D5EED /* Categorys.m in Sources */ = {isa = PBXBuildFile; fileRef = EAB292F81D2A701F004D5EED /* Categorys.m */; };
		EAE5B4691D2E7C8B00DD865D /* LWContentView.m in Sources */ = {isa = PBXBuildFile; fileRef = EAE5B4631D2E7C8B00DD865D /* LWContentView.m */; };
/* End PBXBuildFile section */

/* Begin PBXFileReference section */
		475E9ECC827629C9DEAAE6D1 /* Pods-PhotoDIY.debug.xcconfig */ = {isa = PBXFileReference; includeInIndex = 1; lastKnownFileType = text.xcconfig; name = "Pods-PhotoDIY.debug.xcconfig"; path = "Pods/Target Support Files/Pods-PhotoDIY/Pods-PhotoDIY.debug.xcconfig"; sourceTree = "<group>"; };
		BEF060C1F89C5EFEE240BD8C /* LWImageCropView.m */ = {isa = PBXFileReference; fileEncoding = 4; lastKnownFileType = sourcecode.c.objc; path = LWImageCropView.m; sourceTree = "<group>"; };
		BEF061409EB4310BAC440CE9 /* LWFilterCollectionView.m */ = {isa = PBXFileReference; fileEncoding = 4; lastKnownFileType = sourcecode.c.objc; path = LWFilterCollectionView.m; sourceTree = "<group>"; };
		BEF064284A669B4E7B1D4BB7 /* LWPhotoCollectionView.h */ = {isa = PBXFileReference; fileEncoding = 4; lastKnownFileType = sourcecode.c.h; path = LWPhotoCollectionView.h; sourceTree = "<group>"; };
		BEF067546351067E593CAF2A /* LWDrawView.m */ = {isa = PBXFileReference; fileEncoding = 4; lastKnownFileType = sourcecode.c.objc; path = LWDrawView.m; sourceTree = "<group>"; };
		BEF067A810F0BAA513676090 /* LWDrawView.h */ = {isa = PBXFileReference; fileEncoding = 4; lastKnownFileType = sourcecode.c.h; path = LWDrawView.h; sourceTree = "<group>"; };
		BEF069A6E65A0CA56DFE1CF5 /* LWPhotoCollectionView.m */ = {isa = PBXFileReference; fileEncoding = 4; lastKnownFileType = sourcecode.c.objc; path = LWPhotoCollectionView.m; sourceTree = "<group>"; };
		BEF06B92FD0107440A3E9A90 /* LWImageZoomView.h */ = {isa = PBXFileReference; fileEncoding = 4; lastKnownFileType = sourcecode.c.h; path = LWImageZoomView.h; sourceTree = "<group>"; };
		BEF06EF014766AC4C5D6BB77 /* LWImageCropView.h */ = {isa = PBXFileReference; fileEncoding = 4; lastKnownFileType = sourcecode.c.h; path = LWImageCropView.h; sourceTree = "<group>"; };
		BEF06F3FD57AF5A8015F5D73 /* LWFilterCollectionView.h */ = {isa = PBXFileReference; fileEncoding = 4; lastKnownFileType = sourcecode.c.h; path = LWFilterCollectionView.h; sourceTree = "<group>"; };
		BEF06FF649F758528E3BB784 /* LWImageZoomView.m */ = {isa = PBXFileReference; fileEncoding = 4; lastKnownFileType = sourcecode.c.objc; path = LWImageZoomView.m; sourceTree = "<group>"; };
		EA1C04431D4904A900290495 /* LWFilterImageView.h */ = {isa = PBXFileReference; fileEncoding = 4; lastKnownFileType = sourcecode.c.h; path = LWFilterImageView.h; sourceTree = "<group>"; };
		EA1C04441D4904A900290495 /* LWFilterImageView.m */ = {isa = PBXFileReference; fileEncoding = 4; lastKnownFileType = sourcecode.c.objc; path = LWFilterImageView.m; sourceTree = "<group>"; };
		EA1C04711D4B218100290495 /* Lambeau.jpg */ = {isa = PBXFileReference; lastKnownFileType = image.jpeg; path = Lambeau.jpg; sourceTree = "<group>"; };
		EA1C04731D4E3BDC00290495 /* README.md */ = {isa = PBXFileReference; fileEncoding = 4; lastKnownFileType = net.daringfireball.markdown; path = README.md; sourceTree = "<group>"; };
		EA6F611C1D2B566900827523 /* Base */ = {isa = PBXFileReference; lastKnownFileType = text.plist.strings; name = Base; path = Base.lproj/InfoPlist.strings; sourceTree = "<group>"; };
		EA6F611E1D2B566C00827523 /* en */ = {isa = PBXFileReference; lastKnownFileType = text.plist.strings; name = en; path = en.lproj/InfoPlist.strings; sourceTree = "<group>"; };
		EA6F61201D2B567100827523 /* Base */ = {isa = PBXFileReference; lastKnownFileType = text.plist.strings; name = Base; path = Base.lproj/Localizable.strings; sourceTree = "<group>"; };
		EA6F61221D2B567400827523 /* en */ = {isa = PBXFileReference; lastKnownFileType = text.plist.strings; name = en; path = en.lproj/Localizable.strings; sourceTree = "<group>"; };
		EA6F61231D2B5A4500827523 /* LWDataManager.h */ = {isa = PBXFileReference; fileEncoding = 4; lastKnownFileType = sourcecode.c.h; path = LWDataManager.h; sourceTree = "<group>"; };
		EA6F61241D2B5A4500827523 /* LWDataManager.m */ = {isa = PBXFileReference; fileEncoding = 4; lastKnownFileType = sourcecode.c.objc; path = LWDataManager.m; sourceTree = "<group>"; };
		EA6F612C1D2B937600827523 /* PDPhotoLibPicker.h */ = {isa = PBXFileReference; fileEncoding = 4; lastKnownFileType = sourcecode.c.h; path = PDPhotoLibPicker.h; sourceTree = "<group>"; };
		EA6F612D1D2B937600827523 /* PDPhotoLibPicker.m */ = {isa = PBXFileReference; fileEncoding = 4; lastKnownFileType = sourcecode.c.objc; path = PDPhotoLibPicker.m; sourceTree = "<group>"; };
		EAB292BD1D2A16C4004D5EED /* PhotoDIY.app */ = {isa = PBXFileReference; explicitFileType = wrapper.application; includeInIndex = 0; path = PhotoDIY.app; sourceTree = BUILT_PRODUCTS_DIR; };
		EAB292C11D2A16C4004D5EED /* main.m */ = {isa = PBXFileReference; lastKnownFileType = sourcecode.c.objc; path = main.m; sourceTree = "<group>"; };
		EAB292C31D2A16C4004D5EED /* AppDelegate.h */ = {isa = PBXFileReference; lastKnownFileType = sourcecode.c.h; path = AppDelegate.h; sourceTree = "<group>"; };
		EAB292C41D2A16C4004D5EED /* AppDelegate.m */ = {isa = PBXFileReference; lastKnownFileType = sourcecode.c.objc; path = AppDelegate.m; sourceTree = "<group>"; };
		EAB292C61D2A16C4004D5EED /* ViewController.h */ = {isa = PBXFileReference; lastKnownFileType = sourcecode.c.h; path = ViewController.h; sourceTree = "<group>"; };
		EAB292C71D2A16C4004D5EED /* ViewController.m */ = {isa = PBXFileReference; lastKnownFileType = sourcecode.c.objc; path = ViewController.m; sourceTree = "<group>"; };
		EAB292CA1D2A16C4004D5EED /* Base */ = {isa = PBXFileReference; lastKnownFileType = file.storyboard; name = Base; path = Base.lproj/Main.storyboard; sourceTree = "<group>"; };
		EAB292CC1D2A16C4004D5EED /* Assets.xcassets */ = {isa = PBXFileReference; lastKnownFileType = folder.assetcatalog; path = Assets.xcassets; sourceTree = "<group>"; };
		EAB292CF1D2A16C4004D5EED /* Base */ = {isa = PBXFileReference; lastKnownFileType = file.storyboard; name = Base; path = Base.lproj/LaunchScreen.storyboard; sourceTree = "<group>"; };
		EAB292D11D2A16C4004D5EED /* Info.plist */ = {isa = PBXFileReference; lastKnownFileType = text.plist.xml; path = Info.plist; sourceTree = "<group>"; };
		EAB292E41D2A665A004D5EED /* CoreMedia.framework */ = {isa = PBXFileReference; lastKnownFileType = wrapper.framework; name = CoreMedia.framework; path = System/Library/Frameworks/CoreMedia.framework; sourceTree = SDKROOT; };
		EAB292E61D2A6665004D5EED /* CoreVideo.framework */ = {isa = PBXFileReference; lastKnownFileType = wrapper.framework; name = CoreVideo.framework; path = System/Library/Frameworks/CoreVideo.framework; sourceTree = SDKROOT; };
		EAB292E81D2A6670004D5EED /* OpenGLES.framework */ = {isa = PBXFileReference; lastKnownFileType = wrapper.framework; name = OpenGLES.framework; path = System/Library/Frameworks/OpenGLES.framework; sourceTree = SDKROOT; };
		EAB292EA1D2A667B004D5EED /* QuartzCore.framework */ = {isa = PBXFileReference; lastKnownFileType = wrapper.framework; name = QuartzCore.framework; path = System/Library/Frameworks/QuartzCore.framework; sourceTree = SDKROOT; };
		EAB292EC1D2A668B004D5EED /* CoreGraphics.framework */ = {isa = PBXFileReference; lastKnownFileType = wrapper.framework; name = CoreGraphics.framework; path = System/Library/Frameworks/CoreGraphics.framework; sourceTree = SDKROOT; };
		EAB292EE1D2A6697004D5EED /* AssetsLibrary.framework */ = {isa = PBXFileReference; lastKnownFileType = wrapper.framework; name = AssetsLibrary.framework; path = System/Library/Frameworks/AssetsLibrary.framework; sourceTree = SDKROOT; };
		EAB292F01D2A66A4004D5EED /* AVFoundation.framework */ = {isa = PBXFileReference; lastKnownFileType = wrapper.framework; name = AVFoundation.framework; path = System/Library/Frameworks/AVFoundation.framework; sourceTree = SDKROOT; };
		EAB292F71D2A701F004D5EED /* Categorys.h */ = {isa = PBXFileReference; fileEncoding = 4; lastKnownFileType = sourcecode.c.h; path = Categorys.h; sourceTree = "<group>"; };
		EAB292F81D2A701F004D5EED /* Categorys.m */ = {isa = PBXFileReference; fileEncoding = 4; lastKnownFileType = sourcecode.c.objc; path = Categorys.m; sourceTree = "<group>"; };
		EAE5B4571D2DE1A500DD865D /* zh-Hans */ = {isa = PBXFileReference; lastKnownFileType = text.plist.strings; name = "zh-Hans"; path = "zh-Hans.lproj/LaunchScreen.strings"; sourceTree = "<group>"; };
		EAE5B4581D2DE1A500DD865D /* zh-Hans */ = {isa = PBXFileReference; lastKnownFileType = text.plist.strings; name = "zh-Hans"; path = "zh-Hans.lproj/InfoPlist.strings"; sourceTree = "<group>"; };
		EAE5B4591D2DE1A500DD865D /* zh-Hans */ = {isa = PBXFileReference; lastKnownFileType = text.plist.strings; name = "zh-Hans"; path = "zh-Hans.lproj/Localizable.strings"; sourceTree = "<group>"; };
		EAE5B45B1D2DE1EC00DD865D /* en */ = {isa = PBXFileReference; lastKnownFileType = text.plist.strings; name = en; path = en.lproj/Main.strings; sourceTree = "<group>"; };
		EAE5B45D1D2DE22000DD865D /* zh-Hans */ = {isa = PBXFileReference; lastKnownFileType = text.plist.strings; name = "zh-Hans"; path = "zh-Hans.lproj/Main.strings"; sourceTree = "<group>"; };
		EAE5B4621D2E7C8B00DD865D /* LWContentView.h */ = {isa = PBXFileReference; fileEncoding = 4; lastKnownFileType = sourcecode.c.h; path = LWContentView.h; sourceTree = "<group>"; };
		EAE5B4631D2E7C8B00DD865D /* LWContentView.m */ = {isa = PBXFileReference; fileEncoding = 4; lastKnownFileType = sourcecode.c.objc; path = LWContentView.m; sourceTree = "<group>"; };
		EAE5B60D1D2E812900DD865D /* en */ = {isa = PBXFileReference; lastKnownFileType = text.plist.strings; name = en; path = en.lproj/LaunchScreen.strings; sourceTree = "<group>"; };
		FB3752B7BE3FC2C396F9E492 /* Pods-PhotoDIY.release.xcconfig */ = {isa = PBXFileReference; includeInIndex = 1; lastKnownFileType = text.xcconfig; name = "Pods-PhotoDIY.release.xcconfig"; path = "Pods/Target Support Files/Pods-PhotoDIY/Pods-PhotoDIY.release.xcconfig"; sourceTree = "<group>"; };
		FFC87A4A05A2799BD5A7991E /* libPods-PhotoDIY.a */ = {isa = PBXFileReference; explicitFileType = archive.ar; includeInIndex = 0; path = "libPods-PhotoDIY.a"; sourceTree = BUILT_PRODUCTS_DIR; };
/* End PBXFileReference section */

/* Begin PBXFrameworksBuildPhase section */
		EAB292BA1D2A16C4004D5EED /* Frameworks */ = {
			isa = PBXFrameworksBuildPhase;
			buildActionMask = 2147483647;
			files = (
				EAB292F11D2A66A4004D5EED /* AVFoundation.framework in Frameworks */,
				EAB292EF1D2A6697004D5EED /* AssetsLibrary.framework in Frameworks */,
				EAB292ED1D2A668B004D5EED /* CoreGraphics.framework in Frameworks */,
				EAB292EB1D2A667B004D5EED /* QuartzCore.framework in Frameworks */,
				EAB292E91D2A6670004D5EED /* OpenGLES.framework in Frameworks */,
				EAB292E71D2A6665004D5EED /* CoreVideo.framework in Frameworks */,
				EAB292E51D2A665A004D5EED /* CoreMedia.framework in Frameworks */,
				CCD59F3ADD3AFC82051038E6 /* libPods-PhotoDIY.a in Frameworks */,
			);
			runOnlyForDeploymentPostprocessing = 0;
		};
/* End PBXFrameworksBuildPhase section */

/* Begin PBXGroup section */
		BEF060DB2B99EDA91A80EC71 /* CropView */ = {
			isa = PBXGroup;
			children = (
				BEF06EF014766AC4C5D6BB77 /* LWImageCropView.h */,
				BEF060C1F89C5EFEE240BD8C /* LWImageCropView.m */,
			);
			path = CropView;
			sourceTree = "<group>";
		};
		BEF064C6D73E1BBF53ADD562 /* ImageView */ = {
			isa = PBXGroup;
			children = (
				BEF06B92FD0107440A3E9A90 /* LWImageZoomView.h */,
				BEF06FF649F758528E3BB784 /* LWImageZoomView.m */,
			);
			path = ImageView;
			sourceTree = "<group>";
		};
		BEF0657A00B9C9FED2CB6591 /* FilterView */ = {
			isa = PBXGroup;
			children = (
				EA1C04431D4904A900290495 /* LWFilterImageView.h */,
				EA1C04441D4904A900290495 /* LWFilterImageView.m */,
			);
			path = FilterView;
			sourceTree = "<group>";
		};
		BEF0687D412B10B50B10997E /* PopBoard */ = {
			isa = PBXGroup;
			children = (
				BEF06F3FD57AF5A8015F5D73 /* LWFilterCollectionView.h */,
				BEF061409EB4310BAC440CE9 /* LWFilterCollectionView.m */,
				BEF064284A669B4E7B1D4BB7 /* LWPhotoCollectionView.h */,
				BEF069A6E65A0CA56DFE1CF5 /* LWPhotoCollectionView.m */,
			);
			path = PopBoard;
			sourceTree = "<group>";
		};
		BEF06957E3080BCFA1496337 /* Resource */ = {
			isa = PBXGroup;
			children = (
				EA1C04711D4B218100290495 /* Lambeau.jpg */,
			);
			path = Resource;
			sourceTree = "<group>";
		};
		BEF069712BA9EE6ADA481F84 /* DrawView */ = {
			isa = PBXGroup;
			children = (
				BEF067A810F0BAA513676090 /* LWDrawView.h */,
				BEF067546351067E593CAF2A /* LWDrawView.m */,
			);
			path = DrawView;
			sourceTree = "<group>";
		};
		BEF06A7D3A612643CDD7DF8F /* PhotoTools */ = {
			isa = PBXGroup;
			children = (
				EA6F612C1D2B937600827523 /* PDPhotoLibPicker.h */,
				EA6F612D1D2B937600827523 /* PDPhotoLibPicker.m */,
			);
			path = PhotoTools;
			sourceTree = "<group>";
		};
		BEF06D1AE73117D3C5B28302 /* DataManager */ = {
			isa = PBXGroup;
			children = (
				EA6F61231D2B5A4500827523 /* LWDataManager.h */,
				EA6F61241D2B5A4500827523 /* LWDataManager.m */,
			);
			path = DataManager;
			sourceTree = "<group>";
		};
		D3C4F9F4B69BA8AACD84BAC6 /* Pods */ = {
			isa = PBXGroup;
			children = (
				475E9ECC827629C9DEAAE6D1 /* Pods-PhotoDIY.debug.xcconfig */,
				FB3752B7BE3FC2C396F9E492 /* Pods-PhotoDIY.release.xcconfig */,
			);
			name = Pods;
			sourceTree = "<group>";
		};
		EAB292B41D2A16C4004D5EED = {
			isa = PBXGroup;
			children = (
				EA1C04731D4E3BDC00290495 /* README.md */,
				EAB292BF1D2A16C4004D5EED /* PhotoDIY */,
				EAB292BE1D2A16C4004D5EED /* Products */,
				D3C4F9F4B69BA8AACD84BAC6 /* Pods */,
				F966CF9E9090B9C4FA064864 /* Frameworks */,
			);
			sourceTree = "<group>";
		};
		EAB292BE1D2A16C4004D5EED /* Products */ = {
			isa = PBXGroup;
			children = (
				EAB292BD1D2A16C4004D5EED /* PhotoDIY.app */,
			);
			name = Products;
			sourceTree = "<group>";
		};
		EAB292BF1D2A16C4004D5EED /* PhotoDIY */ = {
			isa = PBXGroup;
			children = (
				EAE5B4611D2E7C8B00DD865D /* ContentView */,
				BEF06D1AE73117D3C5B28302 /* DataManager */,
				BEF06A7D3A612643CDD7DF8F /* PhotoTools */,
				EAB292C31D2A16C4004D5EED /* AppDelegate.h */,
				EAB292C41D2A16C4004D5EED /* AppDelegate.m */,
				EAB292C61D2A16C4004D5EED /* ViewController.h */,
				EAB292C71D2A16C4004D5EED /* ViewController.m */,
				EAB292C91D2A16C4004D5EED /* Main.storyboard */,
				EAB292CC1D2A16C4004D5EED /* Assets.xcassets */,
				EAB292CE1D2A16C4004D5EED /* LaunchScreen.storyboard */,
				EAB292C01D2A16C4004D5EED /* Supporting Files */,
				BEF06957E3080BCFA1496337 /* Resource */,
				EAB292F71D2A701F004D5EED /* Categorys.h */,
				EAB292F81D2A701F004D5EED /* Categorys.m */,
			);
			path = PhotoDIY;
			sourceTree = "<group>";
		};
		EAB292C01D2A16C4004D5EED /* Supporting Files */ = {
			isa = PBXGroup;
			children = (
				EAB292D11D2A16C4004D5EED /* Info.plist */,
				EAB292C11D2A16C4004D5EED /* main.m */,
				EA6F611D1D2B566900827523 /* InfoPlist.strings */,
				EA6F61211D2B567100827523 /* Localizable.strings */,
			);
			name = "Supporting Files";
			sourceTree = "<group>";
		};
		EAE5B4611D2E7C8B00DD865D /* ContentView */ = {
			isa = PBXGroup;
			children = (
				EAE5B4621D2E7C8B00DD865D /* LWContentView.h */,
				EAE5B4631D2E7C8B00DD865D /* LWContentView.m */,
				BEF064C6D73E1BBF53ADD562 /* ImageView */,
				BEF069712BA9EE6ADA481F84 /* DrawView */,
				BEF060DB2B99EDA91A80EC71 /* CropView */,
				BEF0687D412B10B50B10997E /* PopBoard */,
				BEF0657A00B9C9FED2CB6591 /* FilterView */,
			);
			path = ContentView;
			sourceTree = "<group>";
		};
		F966CF9E9090B9C4FA064864 /* Frameworks */ = {
			isa = PBXGroup;
			children = (
				EAB292F01D2A66A4004D5EED /* AVFoundation.framework */,
				EAB292EE1D2A6697004D5EED /* AssetsLibrary.framework */,
				EAB292EC1D2A668B004D5EED /* CoreGraphics.framework */,
				EAB292EA1D2A667B004D5EED /* QuartzCore.framework */,
				EAB292E81D2A6670004D5EED /* OpenGLES.framework */,
				EAB292E61D2A6665004D5EED /* CoreVideo.framework */,
				EAB292E41D2A665A004D5EED /* CoreMedia.framework */,
				FFC87A4A05A2799BD5A7991E /* libPods-PhotoDIY.a */,
			);
			name = Frameworks;
			sourceTree = "<group>";
		};
/* End PBXGroup section */

/* Begin PBXNativeTarget section */
		EAB292BC1D2A16C4004D5EED /* PhotoDIY */ = {
			isa = PBXNativeTarget;
			buildConfigurationList = EAB292D41D2A16C4004D5EED /* Build configuration list for PBXNativeTarget "PhotoDIY" */;
			buildPhases = (
				1178616B0ABF5FD9A36D298C /* [CP] Check Pods Manifest.lock */,
				EAB292B91D2A16C4004D5EED /* Sources */,
				EAB292BA1D2A16C4004D5EED /* Frameworks */,
				EAB292BB1D2A16C4004D5EED /* Resources */,
				3616C498982DB4843765FFE9 /* [CP] Embed Pods Frameworks */,
				142619B6A129C1B4D0A6B270 /* [CP] Copy Pods Resources */,
			);
			buildRules = (
			);
			dependencies = (
			);
			name = PhotoDIY;
			productName = PhotoDIY;
			productReference = EAB292BD1D2A16C4004D5EED /* PhotoDIY.app */;
			productType = "com.apple.product-type.application";
		};
/* End PBXNativeTarget section */

/* Begin PBXProject section */
		EAB292B51D2A16C4004D5EED /* Project object */ = {
			isa = PBXProject;
			attributes = {
				LastUpgradeCheck = 0730;
				ORGANIZATIONNAME = wodedata;
				TargetAttributes = {
					EAB292BC1D2A16C4004D5EED = {
						CreatedOnToolsVersion = 7.3.1;
					};
				};
			};
			buildConfigurationList = EAB292B81D2A16C4004D5EED /* Build configuration list for PBXProject "PhotoDIY" */;
			compatibilityVersion = "Xcode 3.2";
			developmentRegion = English;
			hasScannedForEncodings = 0;
			knownRegions = (
				en,
				Base,
				"zh-Hans",
			);
			mainGroup = EAB292B41D2A16C4004D5EED;
			productRefGroup = EAB292BE1D2A16C4004D5EED /* Products */;
			projectDirPath = "";
			projectRoot = "";
			targets = (
				EAB292BC1D2A16C4004D5EED /* PhotoDIY */,
			);
		};
/* End PBXProject section */

/* Begin PBXResourcesBuildPhase section */
		EAB292BB1D2A16C4004D5EED /* Resources */ = {
			isa = PBXResourcesBuildPhase;
			buildActionMask = 2147483647;
			files = (
				EAB292D01D2A16C4004D5EED /* LaunchScreen.storyboard in Resources */,
				EA6F611F1D2B567100827523 /* Localizable.strings in Resources */,
				EAB292CD1D2A16C4004D5EED /* Assets.xcassets in Resources */,
				EA1C04721D4B218100290495 /* Lambeau.jpg in Resources */,
				EAB292CB1D2A16C4004D5EED /* Main.storyboard in Resources */,
				EA6F611B1D2B566900827523 /* InfoPlist.strings in Resources */,
			);
			runOnlyForDeploymentPostprocessing = 0;
		};
/* End PBXResourcesBuildPhase section */

/* Begin PBXShellScriptBuildPhase section */
		1178616B0ABF5FD9A36D298C /* [CP] Check Pods Manifest.lock */ = {
			isa = PBXShellScriptBuildPhase;
			buildActionMask = 2147483647;
			files = (
			);
			inputPaths = (
			);
			name = "[CP] Check Pods Manifest.lock";
			outputPaths = (
			);
			runOnlyForDeploymentPostprocessing = 0;
			shellPath = /bin/sh;
			shellScript = "diff \"${PODS_ROOT}/../Podfile.lock\" \"${PODS_ROOT}/Manifest.lock\" > /dev/null\nif [[ $? != 0 ]] ; then\n    cat << EOM\nerror: The sandbox is not in sync with the Podfile.lock. Run 'pod install' or update your CocoaPods installation.\nEOM\n    exit 1\nfi\n";
			showEnvVarsInLog = 0;
		};
		142619B6A129C1B4D0A6B270 /* [CP] Copy Pods Resources */ = {
			isa = PBXShellScriptBuildPhase;
			buildActionMask = 2147483647;
			files = (
			);
			inputPaths = (
			);
			name = "[CP] Copy Pods Resources";
			outputPaths = (
			);
			runOnlyForDeploymentPostprocessing = 0;
			shellPath = /bin/sh;
			shellScript = "\"${SRCROOT}/Pods/Target Support Files/Pods-PhotoDIY/Pods-PhotoDIY-resources.sh\"\n";
			showEnvVarsInLog = 0;
		};
		3616C498982DB4843765FFE9 /* [CP] Embed Pods Frameworks */ = {
			isa = PBXShellScriptBuildPhase;
			buildActionMask = 2147483647;
			files = (
			);
			inputPaths = (
			);
			name = "[CP] Embed Pods Frameworks";
			outputPaths = (
			);
			runOnlyForDeploymentPostprocessing = 0;
			shellPath = /bin/sh;
			shellScript = "\"${SRCROOT}/Pods/Target Support Files/Pods-PhotoDIY/Pods-PhotoDIY-frameworks.sh\"\n";
			showEnvVarsInLog = 0;
		};
/* End PBXShellScriptBuildPhase section */

/* Begin PBXSourcesBuildPhase section */
		EAB292B91D2A16C4004D5EED /* Sources */ = {
			isa = PBXSourcesBuildPhase;
			buildActionMask = 2147483647;
			files = (
				EAB292F91D2A701F004D5EED /* Categorys.m in Sources */,
				EAB292C81D2A16C4004D5EED /* ViewController.m in Sources */,
				EAB292C51D2A16C4004D5EED /* AppDelegate.m in Sources */,
				EAE5B4691D2E7C8B00DD865D /* LWContentView.m in Sources */,
				EA6F61251D2B5A4500827523 /* LWDataManager.m in Sources */,
				EA6F612E1D2B937600827523 /* PDPhotoLibPicker.m in Sources */,
				EAB292C21D2A16C4004D5EED /* main.m in Sources */,
				BEF069FB0617CA4B5E9BA8B6 /* LWImageZoomView.m in Sources */,
				BEF068B151E77927FAC256F3 /* LWDrawView.m in Sources */,
				BEF061A06B16E3FF98F60928 /* LWImageCropView.m in Sources */,
				EA1C04451D4904A900290495 /* LWFilterImageView.m in Sources */,
				BEF0669C241E75514FBCFEB0 /* LWFilterCollectionView.m in Sources */,
				BEF060D7ACDCB1B844B81CE2 /* LWPhotoCollectionView.m in Sources */,
			);
			runOnlyForDeploymentPostprocessing = 0;
		};
/* End PBXSourcesBuildPhase section */

/* Begin PBXVariantGroup section */
		EA6F611D1D2B566900827523 /* InfoPlist.strings */ = {
			isa = PBXVariantGroup;
			children = (
				EA6F611C1D2B566900827523 /* Base */,
				EA6F611E1D2B566C00827523 /* en */,
				EAE5B4581D2DE1A500DD865D /* zh-Hans */,
			);
			name = InfoPlist.strings;
			sourceTree = "<group>";
		};
		EA6F61211D2B567100827523 /* Localizable.strings */ = {
			isa = PBXVariantGroup;
			children = (
				EA6F61201D2B567100827523 /* Base */,
				EA6F61221D2B567400827523 /* en */,
				EAE5B4591D2DE1A500DD865D /* zh-Hans */,
			);
			name = Localizable.strings;
			sourceTree = "<group>";
		};
		EAB292C91D2A16C4004D5EED /* Main.storyboard */ = {
			isa = PBXVariantGroup;
			children = (
				EAB292CA1D2A16C4004D5EED /* Base */,
				EAE5B45B1D2DE1EC00DD865D /* en */,
				EAE5B45D1D2DE22000DD865D /* zh-Hans */,
			);
			name = Main.storyboard;
			sourceTree = "<group>";
		};
		EAB292CE1D2A16C4004D5EED /* LaunchScreen.storyboard */ = {
			isa = PBXVariantGroup;
			children = (
				EAB292CF1D2A16C4004D5EED /* Base */,
				EAE5B4571D2DE1A500DD865D /* zh-Hans */,
				EAE5B60D1D2E812900DD865D /* en */,
			);
			name = LaunchScreen.storyboard;
			sourceTree = "<group>";
		};
/* End PBXVariantGroup section */

/* Begin XCBuildConfiguration section */
		EAB292D21D2A16C4004D5EED /* Debug */ = {
			isa = XCBuildConfiguration;
			buildSettings = {
				ALWAYS_SEARCH_USER_PATHS = NO;
				CLANG_ANALYZER_NONNULL = YES;
				CLANG_CXX_LANGUAGE_STANDARD = "gnu++0x";
				CLANG_CXX_LIBRARY = "libc++";
				CLANG_ENABLE_MODULES = YES;
				CLANG_ENABLE_OBJC_ARC = YES;
				CLANG_WARN_BOOL_CONVERSION = YES;
				CLANG_WARN_CONSTANT_CONVERSION = YES;
				CLANG_WARN_DIRECT_OBJC_ISA_USAGE = YES_ERROR;
				CLANG_WARN_EMPTY_BODY = YES;
				CLANG_WARN_ENUM_CONVERSION = YES;
				CLANG_WARN_INT_CONVERSION = YES;
				CLANG_WARN_OBJC_ROOT_CLASS = YES_ERROR;
				CLANG_WARN_UNREACHABLE_CODE = YES;
				CLANG_WARN__DUPLICATE_METHOD_MATCH = YES;
				"CODE_SIGN_IDENTITY[sdk=iphoneos*]" = "iPhone Developer";
				COPY_PHASE_STRIP = NO;
				DEBUG_INFORMATION_FORMAT = dwarf;
				ENABLE_STRICT_OBJC_MSGSEND = YES;
				ENABLE_TESTABILITY = YES;
				GCC_C_LANGUAGE_STANDARD = gnu99;
				GCC_DYNAMIC_NO_PIC = NO;
				GCC_NO_COMMON_BLOCKS = YES;
				GCC_OPTIMIZATION_LEVEL = 0;
				GCC_PREPROCESSOR_DEFINITIONS = (
					"DEBUG=1",
					"$(inherited)",
				);
				GCC_WARN_64_TO_32_BIT_CONVERSION = YES;
				GCC_WARN_ABOUT_RETURN_TYPE = YES_ERROR;
				GCC_WARN_UNDECLARED_SELECTOR = YES;
				GCC_WARN_UNINITIALIZED_AUTOS = YES_AGGRESSIVE;
				GCC_WARN_UNUSED_FUNCTION = YES;
				GCC_WARN_UNUSED_VARIABLE = YES;
				IPHONEOS_DEPLOYMENT_TARGET = 9.3;
				MTL_ENABLE_DEBUG_INFO = YES;
				ONLY_ACTIVE_ARCH = YES;
				SDKROOT = iphoneos;
				TARGETED_DEVICE_FAMILY = "1,2";
			};
			name = Debug;
		};
		EAB292D31D2A16C4004D5EED /* Release */ = {
			isa = XCBuildConfiguration;
			buildSettings = {
				ALWAYS_SEARCH_USER_PATHS = NO;
				CLANG_ANALYZER_NONNULL = YES;
				CLANG_CXX_LANGUAGE_STANDARD = "gnu++0x";
				CLANG_CXX_LIBRARY = "libc++";
				CLANG_ENABLE_MODULES = YES;
				CLANG_ENABLE_OBJC_ARC = YES;
				CLANG_WARN_BOOL_CONVERSION = YES;
				CLANG_WARN_CONSTANT_CONVERSION = YES;
				CLANG_WARN_DIRECT_OBJC_ISA_USAGE = YES_ERROR;
				CLANG_WARN_EMPTY_BODY = YES;
				CLANG_WARN_ENUM_CONVERSION = YES;
				CLANG_WARN_INT_CONVERSION = YES;
				CLANG_WARN_OBJC_ROOT_CLASS = YES_ERROR;
				CLANG_WARN_UNREACHABLE_CODE = YES;
				CLANG_WARN__DUPLICATE_METHOD_MATCH = YES;
				"CODE_SIGN_IDENTITY[sdk=iphoneos*]" = "iPhone Developer";
				COPY_PHASE_STRIP = NO;
				DEBUG_INFORMATION_FORMAT = "dwarf-with-dsym";
				ENABLE_NS_ASSERTIONS = NO;
				ENABLE_STRICT_OBJC_MSGSEND = YES;
				GCC_C_LANGUAGE_STANDARD = gnu99;
				GCC_NO_COMMON_BLOCKS = YES;
				GCC_WARN_64_TO_32_BIT_CONVERSION = YES;
				GCC_WARN_ABOUT_RETURN_TYPE = YES_ERROR;
				GCC_WARN_UNDECLARED_SELECTOR = YES;
				GCC_WARN_UNINITIALIZED_AUTOS = YES_AGGRESSIVE;
				GCC_WARN_UNUSED_FUNCTION = YES;
				GCC_WARN_UNUSED_VARIABLE = YES;
				IPHONEOS_DEPLOYMENT_TARGET = 9.3;
				MTL_ENABLE_DEBUG_INFO = NO;
				SDKROOT = iphoneos;
				TARGETED_DEVICE_FAMILY = "1,2";
				VALIDATE_PRODUCT = YES;
			};
			name = Release;
		};
		EAB292D51D2A16C4004D5EED /* Debug */ = {
			isa = XCBuildConfiguration;
			baseConfigurationReference = 475E9ECC827629C9DEAAE6D1 /* Pods-PhotoDIY.debug.xcconfig */;
			buildSettings = {
				ASSETCATALOG_COMPILER_APPICON_NAME = AppIcon;
				INFOPLIST_FILE = PhotoDIY/Info.plist;
				IPHONEOS_DEPLOYMENT_TARGET = 7.0;
				LD_RUNPATH_SEARCH_PATHS = "$(inherited) @executable_path/Frameworks";
				PRODUCT_BUNDLE_IDENTIFIER = com.wodedata.PhotoDIY;
				PRODUCT_NAME = "$(TARGET_NAME)";
			};
			name = Debug;
		};
		EAB292D61D2A16C4004D5EED /* Release */ = {
			isa = XCBuildConfiguration;
			baseConfigurationReference = FB3752B7BE3FC2C396F9E492 /* Pods-PhotoDIY.release.xcconfig */;
			buildSettings = {
				ASSETCATALOG_COMPILER_APPICON_NAME = AppIcon;
				INFOPLIST_FILE = PhotoDIY/Info.plist;
				IPHONEOS_DEPLOYMENT_TARGET = 7.0;
				LD_RUNPATH_SEARCH_PATHS = "$(inherited) @executable_path/Frameworks";
				PRODUCT_BUNDLE_IDENTIFIER = com.wodedata.PhotoDIY;
				PRODUCT_NAME = "$(TARGET_NAME)";
			};
			name = Release;
		};
/* End XCBuildConfiguration section */

/* Begin XCConfigurationList section */
		EAB292B81D2A16C4004D5EED /* Build configuration list for PBXProject "PhotoDIY" */ = {
			isa = XCConfigurationList;
			buildConfigurations = (
				EAB292D21D2A16C4004D5EED /* Debug */,
				EAB292D31D2A16C4004D5EED /* Release */,
			);
			defaultConfigurationIsVisible = 0;
			defaultConfigurationName = Release;
		};
		EAB292D41D2A16C4004D5EED /* Build configuration list for PBXNativeTarget "PhotoDIY" */ = {
			isa = XCConfigurationList;
			buildConfigurations = (
				EAB292D51D2A16C4004D5EED /* Debug */,
				EAB292D61D2A16C4004D5EED /* Release */,
			);
			defaultConfigurationIsVisible = 0;
			defaultConfigurationName = Release;
		};
/* End XCConfigurationList section */
	};
	rootObject = EAB292B51D2A16C4004D5EED /* Project object */;
}
